// !$*UTF8*$!
{
	archiveVersion = 1;
	classes = {
	};
	objectVersion = 56;
	objects = {

/* Begin PBXBuildFile section */
		9852EDC42AFE9229002C474B /* Lottie in Frameworks */ = {isa = PBXBuildFile; productRef = 9852EDC32AFE9229002C474B /* Lottie */; };
		98A43F2E2AF9E32700BA9183 /* AppDelegate.swift in Sources */ = {isa = PBXBuildFile; fileRef = 98A43F2D2AF9E32700BA9183 /* AppDelegate.swift */; };
		98A43F302AF9E32700BA9183 /* SceneDelegate.swift in Sources */ = {isa = PBXBuildFile; fileRef = 98A43F2F2AF9E32700BA9183 /* SceneDelegate.swift */; };
		98A43F322AF9E32700BA9183 /* ViewController.swift in Sources */ = {isa = PBXBuildFile; fileRef = 98A43F312AF9E32700BA9183 /* ViewController.swift */; };
		98A43F352AF9E32700BA9183 /* Main.storyboard in Resources */ = {isa = PBXBuildFile; fileRef = 98A43F332AF9E32700BA9183 /* Main.storyboard */; };
		98A43F372AF9E32900BA9183 /* Assets.xcassets in Resources */ = {isa = PBXBuildFile; fileRef = 98A43F362AF9E32900BA9183 /* Assets.xcassets */; };
		98A43F3A2AF9E32900BA9183 /* LaunchScreen.storyboard in Resources */ = {isa = PBXBuildFile; fileRef = 98A43F382AF9E32900BA9183 /* LaunchScreen.storyboard */; };
		98AB0F622AFB2AB100E0E8F4 /* BaeminTableViewCell.swift in Sources */ = {isa = PBXBuildFile; fileRef = 98AB0F602AFB2AB100E0E8F4 /* BaeminTableViewCell.swift */; };
		98AB0F632AFB2AB100E0E8F4 /* BaeminTableViewCell.xib in Resources */ = {isa = PBXBuildFile; fileRef = 98AB0F612AFB2AB100E0E8F4 /* BaeminTableViewCell.xib */; };
		98AB0F652AFB322500E0E8F4 /* SecondViewController.swift in Sources */ = {isa = PBXBuildFile; fileRef = 98AB0F642AFB322500E0E8F4 /* SecondViewController.swift */; };
/* End PBXBuildFile section */

/* Begin PBXFileReference section */
		98A43F2A2AF9E32700BA9183 /* BaeminData.app */ = {isa = PBXFileReference; explicitFileType = wrapper.application; includeInIndex = 0; path = BaeminData.app; sourceTree = BUILT_PRODUCTS_DIR; };
		98A43F2D2AF9E32700BA9183 /* AppDelegate.swift */ = {isa = PBXFileReference; lastKnownFileType = sourcecode.swift; path = AppDelegate.swift; sourceTree = "<group>"; };
		98A43F2F2AF9E32700BA9183 /* SceneDelegate.swift */ = {isa = PBXFileReference; lastKnownFileType = sourcecode.swift; path = SceneDelegate.swift; sourceTree = "<group>"; };
		98A43F312AF9E32700BA9183 /* ViewController.swift */ = {isa = PBXFileReference; lastKnownFileType = sourcecode.swift; path = ViewController.swift; sourceTree = "<group>"; };
		98A43F342AF9E32700BA9183 /* Base */ = {isa = PBXFileReference; lastKnownFileType = file.storyboard; name = Base; path = Base.lproj/Main.storyboard; sourceTree = "<group>"; };
		98A43F362AF9E32900BA9183 /* Assets.xcassets */ = {isa = PBXFileReference; lastKnownFileType = folder.assetcatalog; path = Assets.xcassets; sourceTree = "<group>"; };
		98A43F392AF9E32900BA9183 /* Base */ = {isa = PBXFileReference; lastKnownFileType = file.storyboard; name = Base; path = Base.lproj/LaunchScreen.storyboard; sourceTree = "<group>"; };
		98A43F3B2AF9E32900BA9183 /* Info.plist */ = {isa = PBXFileReference; lastKnownFileType = text.plist.xml; path = Info.plist; sourceTree = "<group>"; };
		98AB0F602AFB2AB100E0E8F4 /* BaeminTableViewCell.swift */ = {isa = PBXFileReference; lastKnownFileType = sourcecode.swift; path = BaeminTableViewCell.swift; sourceTree = "<group>"; };
		98AB0F612AFB2AB100E0E8F4 /* BaeminTableViewCell.xib */ = {isa = PBXFileReference; lastKnownFileType = file.xib; path = BaeminTableViewCell.xib; sourceTree = "<group>"; };
		98AB0F642AFB322500E0E8F4 /* SecondViewController.swift */ = {isa = PBXFileReference; lastKnownFileType = sourcecode.swift; path = SecondViewController.swift; sourceTree = "<group>"; };
/* End PBXFileReference section */

/* Begin PBXFrameworksBuildPhase section */
		98A43F272AF9E32700BA9183 /* Frameworks */ = {
			isa = PBXFrameworksBuildPhase;
			buildActionMask = 2147483647;
			files = (
				9852EDC42AFE9229002C474B /* Lottie in Frameworks */,
			);
			runOnlyForDeploymentPostprocessing = 0;
		};
/* End PBXFrameworksBuildPhase section */

/* Begin PBXGroup section */
		98A43F212AF9E32700BA9183 = {
			isa = PBXGroup;
			children = (
				98A43F2C2AF9E32700BA9183 /* BaeminData */,
				98A43F2B2AF9E32700BA9183 /* Products */,
			);
			sourceTree = "<group>";
		};
		98A43F2B2AF9E32700BA9183 /* Products */ = {
			isa = PBXGroup;
			children = (
				98A43F2A2AF9E32700BA9183 /* BaeminData.app */,
			);
			name = Products;
			sourceTree = "<group>";
		};
		98A43F2C2AF9E32700BA9183 /* BaeminData */ = {
			isa = PBXGroup;
			children = (
				98A43F2D2AF9E32700BA9183 /* AppDelegate.swift */,
				98A43F2F2AF9E32700BA9183 /* SceneDelegate.swift */,
				98A43F312AF9E32700BA9183 /* ViewController.swift */,
				98A43F332AF9E32700BA9183 /* Main.storyboard */,
				98AB0F642AFB322500E0E8F4 /* SecondViewController.swift */,
				98AB0F602AFB2AB100E0E8F4 /* BaeminTableViewCell.swift */,
				98AB0F612AFB2AB100E0E8F4 /* BaeminTableViewCell.xib */,
				98A43F362AF9E32900BA9183 /* Assets.xcassets */,
				98A43F382AF9E32900BA9183 /* LaunchScreen.storyboard */,
				98A43F3B2AF9E32900BA9183 /* Info.plist */,
			);
			path = BaeminData;
			sourceTree = "<group>";
		};
/* End PBXGroup section */

/* Begin PBXNativeTarget section */
		98A43F292AF9E32700BA9183 /* BaeminData */ = {
			isa = PBXNativeTarget;
			buildConfigurationList = 98A43F3E2AF9E32900BA9183 /* Build configuration list for PBXNativeTarget "BaeminData" */;
			buildPhases = (
				98A43F262AF9E32700BA9183 /* Sources */,
				98A43F272AF9E32700BA9183 /* Frameworks */,
				98A43F282AF9E32700BA9183 /* Resources */,
			);
			buildRules = (
			);
			dependencies = (
			);
			name = BaeminData;
			packageProductDependencies = (
				9852EDC32AFE9229002C474B /* Lottie */,
			);
			productName = BaeminData;
			productReference = 98A43F2A2AF9E32700BA9183 /* BaeminData.app */;
			productType = "com.apple.product-type.application";
		};
/* End PBXNativeTarget section */

/* Begin PBXProject section */
		98A43F222AF9E32700BA9183 /* Project object */ = {
			isa = PBXProject;
			attributes = {
				BuildIndependentTargetsInParallel = 1;
				LastSwiftUpdateCheck = 1500;
				LastUpgradeCheck = 1500;
				TargetAttributes = {
					98A43F292AF9E32700BA9183 = {
						CreatedOnToolsVersion = 15.0.1;
					};
				};
			};
			buildConfigurationList = 98A43F252AF9E32700BA9183 /* Build configuration list for PBXProject "BaeminData" */;
			compatibilityVersion = "Xcode 14.0";
			developmentRegion = en;
			hasScannedForEncodings = 0;
			knownRegions = (
				en,
				Base,
			);
			mainGroup = 98A43F212AF9E32700BA9183;
			packageReferences = (
				9852EDC22AFE9229002C474B /* XCRemoteSwiftPackageReference "lottie-spm" */,
			);
			productRefGroup = 98A43F2B2AF9E32700BA9183 /* Products */;
			projectDirPath = "";
			projectRoot = "";
			targets = (
				98A43F292AF9E32700BA9183 /* BaeminData */,
			);
		};
/* End PBXProject section */

/* Begin PBXResourcesBuildPhase section */
		98A43F282AF9E32700BA9183 /* Resources */ = {
			isa = PBXResourcesBuildPhase;
			buildActionMask = 2147483647;
			files = (
				98A43F3A2AF9E32900BA9183 /* LaunchScreen.storyboard in Resources */,
				98A43F372AF9E32900BA9183 /* Assets.xcassets in Resources */,
				98A43F352AF9E32700BA9183 /* Main.storyboard in Resources */,
				98AB0F632AFB2AB100E0E8F4 /* BaeminTableViewCell.xib in Resources */,
			);
			runOnlyForDeploymentPostprocessing = 0;
		};
/* End PBXResourcesBuildPhase section */

/* Begin PBXSourcesBuildPhase section */
		98A43F262AF9E32700BA9183 /* Sources */ = {
			isa = PBXSourcesBuildPhase;
			buildActionMask = 2147483647;
			files = (
				98A43F322AF9E32700BA9183 /* ViewController.swift in Sources */,
				98A43F2E2AF9E32700BA9183 /* AppDelegate.swift in Sources */,
				98A43F302AF9E32700BA9183 /* SceneDelegate.swift in Sources */,
				98AB0F652AFB322500E0E8F4 /* SecondViewController.swift in Sources */,
				98AB0F622AFB2AB100E0E8F4 /* BaeminTableViewCell.swift in Sources */,
			);
			runOnlyForDeploymentPostprocessing = 0;
		};
/* End PBXSourcesBuildPhase section */

/* Begin PBXVariantGroup section */
		98A43F332AF9E32700BA9183 /* Main.storyboard */ = {
			isa = PBXVariantGroup;
			children = (
				98A43F342AF9E32700BA9183 /* Base */,
			);
			name = Main.storyboard;
			sourceTree = "<group>";
		};
		98A43F382AF9E32900BA9183 /* LaunchScreen.storyboard */ = {
			isa = PBXVariantGroup;
			children = (
				98A43F392AF9E32900BA9183 /* Base */,
			);
			name = LaunchScreen.storyboard;
			sourceTree = "<group>";
		};
/* End PBXVariantGroup section */

/* Begin XCBuildConfiguration section */
		98A43F3C2AF9E32900BA9183 /* Debug */ = {
			isa = XCBuildConfiguration;
			buildSettings = {
				ALWAYS_SEARCH_USER_PATHS = NO;
				ASSETCATALOG_COMPILER_GENERATE_SWIFT_ASSET_SYMBOL_EXTENSIONS = YES;
				CLANG_ANALYZER_NONNULL = YES;
				CLANG_ANALYZER_NUMBER_OBJECT_CONVERSION = YES_AGGRESSIVE;
				CLANG_CXX_LANGUAGE_STANDARD = "gnu++20";
				CLANG_ENABLE_MODULES = YES;
				CLANG_ENABLE_OBJC_ARC = YES;
				CLANG_ENABLE_OBJC_WEAK = YES;
				CLANG_WARN_BLOCK_CAPTURE_AUTORELEASING = YES;
				CLANG_WARN_BOOL_CONVERSION = YES;
				CLANG_WARN_COMMA = YES;
				CLANG_WARN_CONSTANT_CONVERSION = YES;
				CLANG_WARN_DEPRECATED_OBJC_IMPLEMENTATIONS = YES;
				CLANG_WARN_DIRECT_OBJC_ISA_USAGE = YES_ERROR;
				CLANG_WARN_DOCUMENTATION_COMMENTS = YES;
				CLANG_WARN_EMPTY_BODY = YES;
				CLANG_WARN_ENUM_CONVERSION = YES;
				CLANG_WARN_INFINITE_RECURSION = YES;
				CLANG_WARN_INT_CONVERSION = YES;
				CLANG_WARN_NON_LITERAL_NULL_CONVERSION = YES;
				CLANG_WARN_OBJC_IMPLICIT_RETAIN_SELF = YES;
				CLANG_WARN_OBJC_LITERAL_CONVERSION = YES;
				CLANG_WARN_OBJC_ROOT_CLASS = YES_ERROR;
				CLANG_WARN_QUOTED_INCLUDE_IN_FRAMEWORK_HEADER = YES;
				CLANG_WARN_RANGE_LOOP_ANALYSIS = YES;
				CLANG_WARN_STRICT_PROTOTYPES = YES;
				CLANG_WARN_SUSPICIOUS_MOVE = YES;
				CLANG_WARN_UNGUARDED_AVAILABILITY = YES_AGGRESSIVE;
				CLANG_WARN_UNREACHABLE_CODE = YES;
				CLANG_WARN__DUPLICATE_METHOD_MATCH = YES;
				COPY_PHASE_STRIP = NO;
				DEBUG_INFORMATION_FORMAT = dwarf;
				ENABLE_STRICT_OBJC_MSGSEND = YES;
				ENABLE_TESTABILITY = YES;
				ENABLE_USER_SCRIPT_SANDBOXING = YES;
				GCC_C_LANGUAGE_STANDARD = gnu17;
				GCC_DYNAMIC_NO_PIC = NO;
				GCC_NO_COMMON_BLOCKS = YES;
				GCC_OPTIMIZATION_LEVEL = 0;
				GCC_PREPROCESSOR_DEFINITIONS = (
					"DEBUG=1",
					"$(inherited)",
				);
				GCC_WARN_64_TO_32_BIT_CONVERSION = YES;
				GCC_WARN_ABOUT_RETURN_TYPE = YES_ERROR;
				GCC_WARN_UNDECLARED_SELECTOR = YES;
				GCC_WARN_UNINITIALIZED_AUTOS = YES_AGGRESSIVE;
				GCC_WARN_UNUSED_FUNCTION = YES;
				GCC_WARN_UNUSED_VARIABLE = YES;
				IPHONEOS_DEPLOYMENT_TARGET = 17.0;
				LOCALIZATION_PREFERS_STRING_CATALOGS = YES;
				MTL_ENABLE_DEBUG_INFO = INCLUDE_SOURCE;
				MTL_FAST_MATH = YES;
				ONLY_ACTIVE_ARCH = YES;
				SDKROOT = iphoneos;
				SWIFT_ACTIVE_COMPILATION_CONDITIONS = "DEBUG $(inherited)";
				SWIFT_OPTIMIZATION_LEVEL = "-Onone";
			};
			name = Debug;
		};
		98A43F3D2AF9E32900BA9183 /* Release */ = {
			isa = XCBuildConfiguration;
			buildSettings = {
				ALWAYS_SEARCH_USER_PATHS = NO;
				ASSETCATALOG_COMPILER_GENERATE_SWIFT_ASSET_SYMBOL_EXTENSIONS = YES;
				CLANG_ANALYZER_NONNULL = YES;
				CLANG_ANALYZER_NUMBER_OBJECT_CONVERSION = YES_AGGRESSIVE;
				CLANG_CXX_LANGUAGE_STANDARD = "gnu++20";
				CLANG_ENABLE_MODULES = YES;
				CLANG_ENABLE_OBJC_ARC = YES;
				CLANG_ENABLE_OBJC_WEAK = YES;
				CLANG_WARN_BLOCK_CAPTURE_AUTORELEASING = YES;
				CLANG_WARN_BOOL_CONVERSION = YES;
				CLANG_WARN_COMMA = YES;
				CLANG_WARN_CONSTANT_CONVERSION = YES;
				CLANG_WARN_DEPRECATED_OBJC_IMPLEMENTATIONS = YES;
				CLANG_WARN_DIRECT_OBJC_ISA_USAGE = YES_ERROR;
				CLANG_WARN_DOCUMENTATION_COMMENTS = YES;
				CLANG_WARN_EMPTY_BODY = YES;
				CLANG_WARN_ENUM_CONVERSION = YES;
				CLANG_WARN_INFINITE_RECURSION = YES;
				CLANG_WARN_INT_CONVERSION = YES;
				CLANG_WARN_NON_LITERAL_NULL_CONVERSION = YES;
				CLANG_WARN_OBJC_IMPLICIT_RETAIN_SELF = YES;
				CLANG_WARN_OBJC_LITERAL_CONVERSION = YES;
				CLANG_WARN_OBJC_ROOT_CLASS = YES_ERROR;
				CLANG_WARN_QUOTED_INCLUDE_IN_FRAMEWORK_HEADER = YES;
				CLANG_WARN_RANGE_LOOP_ANALYSIS = YES;
				CLANG_WARN_STRICT_PROTOTYPES = YES;
				CLANG_WARN_SUSPICIOUS_MOVE = YES;
				CLANG_WARN_UNGUARDED_AVAILABILITY = YES_AGGRESSIVE;
				CLANG_WARN_UNREACHABLE_CODE = YES;
				CLANG_WARN__DUPLICATE_METHOD_MATCH = YES;
				COPY_PHASE_STRIP = NO;
				DEBUG_INFORMATION_FORMAT = "dwarf-with-dsym";
				ENABLE_NS_ASSERTIONS = NO;
				ENABLE_STRICT_OBJC_MSGSEND = YES;
				ENABLE_USER_SCRIPT_SANDBOXING = YES;
				GCC_C_LANGUAGE_STANDARD = gnu17;
				GCC_NO_COMMON_BLOCKS = YES;
				GCC_WARN_64_TO_32_BIT_CONVERSION = YES;
				GCC_WARN_ABOUT_RETURN_TYPE = YES_ERROR;
				GCC_WARN_UNDECLARED_SELECTOR = YES;
				GCC_WARN_UNINITIALIZED_AUTOS = YES_AGGRESSIVE;
				GCC_WARN_UNUSED_FUNCTION = YES;
				GCC_WARN_UNUSED_VARIABLE = YES;
				IPHONEOS_DEPLOYMENT_TARGET = 17.0;
				LOCALIZATION_PREFERS_STRING_CATALOGS = YES;
				MTL_ENABLE_DEBUG_INFO = NO;
				MTL_FAST_MATH = YES;
				SDKROOT = iphoneos;
				SWIFT_COMPILATION_MODE = wholemodule;
				VALIDATE_PRODUCT = YES;
			};
			name = Release;
		};
		98A43F3F2AF9E32900BA9183 /* Debug */ = {
			isa = XCBuildConfiguration;
			buildSettings = {
				ASSETCATALOG_COMPILER_APPICON_NAME = AppIcon;
				ASSETCATALOG_COMPILER_GLOBAL_ACCENT_COLOR_NAME = AccentColor;
				CODE_SIGN_STYLE = Automatic;
				CURRENT_PROJECT_VERSION = 1;
				GENERATE_INFOPLIST_FILE = YES;
				INFOPLIST_FILE = BaeminData/Info.plist;
				INFOPLIST_KEY_UIApplicationSupportsIndirectInputEvents = YES;
				INFOPLIST_KEY_UILaunchStoryboardName = LaunchScreen;
				INFOPLIST_KEY_UIMainStoryboardFile = Main;
				INFOPLIST_KEY_UISupportedInterfaceOrientations_iPad = "UIInterfaceOrientationPortrait UIInterfaceOrientationPortraitUpsideDown UIInterfaceOrientationLandscapeLeft UIInterfaceOrientationLandscapeRight";
				INFOPLIST_KEY_UISupportedInterfaceOrientations_iPhone = "UIInterfaceOrientationPortrait UIInterfaceOrientationLandscapeLeft UIInterfaceOrientationLandscapeRight";
				LD_RUNPATH_SEARCH_PATHS = (
					"$(inherited)",
					"@executable_path/Frameworks",
				);
				MARKETING_VERSION = 1.0;
				PRODUCT_BUNDLE_IDENTIFIER = Jongkwon.BaeminData;
				PRODUCT_NAME = "$(TARGET_NAME)";
				SWIFT_EMIT_LOC_STRINGS = YES;
				SWIFT_VERSION = 5.0;
				TARGETED_DEVICE_FAMILY = "1,2";
			};
			name = Debug;
		};
		98A43F402AF9E32900BA9183 /* Release */ = {
			isa = XCBuildConfiguration;
			buildSettings = {
				ASSETCATALOG_COMPILER_APPICON_NAME = AppIcon;
				ASSETCATALOG_COMPILER_GLOBAL_ACCENT_COLOR_NAME = AccentColor;
				CODE_SIGN_STYLE = Automatic;
				CURRENT_PROJECT_VERSION = 1;
				GENERATE_INFOPLIST_FILE = YES;
				INFOPLIST_FILE = BaeminData/Info.plist;
				INFOPLIST_KEY_UIApplicationSupportsIndirectInputEvents = YES;
				INFOPLIST_KEY_UILaunchStoryboardName = LaunchScreen;
				INFOPLIST_KEY_UIMainStoryboardFile = Main;
				INFOPLIST_KEY_UISupportedInterfaceOrientations_iPad = "UIInterfaceOrientationPortrait UIInterfaceOrientationPortraitUpsideDown UIInterfaceOrientationLandscapeLeft UIInterfaceOrientationLandscapeRight";
				INFOPLIST_KEY_UISupportedInterfaceOrientations_iPhone = "UIInterfaceOrientationPortrait UIInterfaceOrientationLandscapeLeft UIInterfaceOrientationLandscapeRight";
				LD_RUNPATH_SEARCH_PATHS = (
					"$(inherited)",
					"@executable_path/Frameworks",
				);
				MARKETING_VERSION = 1.0;
				PRODUCT_BUNDLE_IDENTIFIER = Jongkwon.BaeminData;
				PRODUCT_NAME = "$(TARGET_NAME)";
				SWIFT_EMIT_LOC_STRINGS = YES;
				SWIFT_VERSION = 5.0;
				TARGETED_DEVICE_FAMILY = "1,2";
			};
			name = Release;
		};
/* End XCBuildConfiguration section */

/* Begin XCConfigurationList section */
		98A43F252AF9E32700BA9183 /* Build configuration list for PBXProject "BaeminData" */ = {
			isa = XCConfigurationList;
			buildConfigurations = (
				98A43F3C2AF9E32900BA9183 /* Debug */,
				98A43F3D2AF9E32900BA9183 /* Release */,
			);
			defaultConfigurationIsVisible = 0;
			defaultConfigurationName = Release;
		};
		98A43F3E2AF9E32900BA9183 /* Build configuration list for PBXNativeTarget "BaeminData" */ = {
			isa = XCConfigurationList;
			buildConfigurations = (
				98A43F3F2AF9E32900BA9183 /* Debug */,
				98A43F402AF9E32900BA9183 /* Release */,
			);
			defaultConfigurationIsVisible = 0;
			defaultConfigurationName = Release;
		};
/* End XCConfigurationList section */

/* Begin XCRemoteSwiftPackageReference section */
		9852EDC22AFE9229002C474B /* XCRemoteSwiftPackageReference "lottie-spm" */ = {
			isa = XCRemoteSwiftPackageReference;
			repositoryURL = "https://github.com/airbnb/lottie-spm";
			requirement = {
				kind = upToNextMajorVersion;
				minimumVersion = 4.3.3;
			};
		};
/* End XCRemoteSwiftPackageReference section */

/* Begin XCSwiftPackageProductDependency section */
		9852EDC32AFE9229002C474B /* Lottie */ = {
			isa = XCSwiftPackageProductDependency;
			package = 9852EDC22AFE9229002C474B /* XCRemoteSwiftPackageReference "lottie-spm" */;
			productName = Lottie;
		};
/* End XCSwiftPackageProductDependency section */
	};
	rootObject = 98A43F222AF9E32700BA9183 /* Project object */;
}
